
Microsoft Visual Studio Solution File, Format Version 12.00
# Visual Studio Version 17
VisualStudioVersion = 17.0.32126.317
MinimumVisualStudioVersion = 10.0.40219.1
Project("{8BC9CEB8-8B4A-11D0-8D11-00A0C91BC942}") = "lab3_avmo", "lab3_avmo\lab3_avmo.vcxproj", "{D76ACE40-0186-46EF-A0A7-E53E105CC7FB}"
EndProject
Global
	GlobalSection(SolutionConfigurationPlatforms) = preSolution
		Debug|x64 = Debug|x64
		Debug|x86 = Debug|x86
		Release|x64 = Release|x64
		Release|x86 = Release|x86
	EndGlobalSection
	GlobalSection(ProjectConfigurationPlatforms) = postSolution
		{D76ACE40-0186-46EF-A0A7-E53E105CC7FB}.Debug|x64.ActiveCfg = Debug|x64
		{D76ACE40-0186-46EF-A0A7-E53E105CC7FB}.Debug|x64.Build.0 = Debug|x64
		{D76ACE40-0186-46EF-A0A7-E53E105CC7FB}.Debug|x86.ActiveCfg = Debug|Win32
		{D76ACE40-0186-46EF-A0A7-E53E105CC7FB}.Debug|x86.Build.0 = Debug|Win32
		{D76ACE40-0186-46EF-A0A7-E53E105CC7FB}.Release|x64.ActiveCfg = Release|x64
		{D76ACE40-0186-46EF-A0A7-E53E105CC7FB}.Release|x64.Build.0 = Release|x64
		{D76ACE40-0186-46EF-A0A7-E53E105CC7FB}.Release|x86.ActiveCfg = Release|Win32
		{D76ACE40-0186-46EF-A0A7-E53E105CC7FB}.Release|x86.Build.0 = Release|Win32
	EndGlobalSection
	GlobalSection(SolutionProperties) = preSolution
		HideSolutionNode = FALSE
	EndGlobalSection
	GlobalSection(ExtensibilityGlobals) = postSolution
		SolutionGuid = {28662253-F178-4BA2-BD5E-3F5DAC51E83F}
	EndGlobalSection
EndGlobal
