
Microsoft Visual Studio Solution File, Format Version 12.00
# Visual Studio Version 17
VisualStudioVersion = 17.0.32126.317
MinimumVisualStudioVersion = 10.0.40219.1
Project("{FAE04EC0-301F-11D3-BF4B-00C04F79EFBC}") = "DPF", "DPF\DPF.csproj", "{7FD469F0-A48C-4062-85BF-F8B89541A854}"
EndProject
Global
	GlobalSection(SolutionConfigurationPlatforms) = preSolution
		Debug|Any CPU = Debug|Any CPU
		Release|Any CPU = Release|Any CPU
	EndGlobalSection
	GlobalSection(ProjectConfigurationPlatforms) = postSolution
		{7FD469F0-A48C-4062-85BF-F8B89541A854}.Debug|Any CPU.ActiveCfg = Debug|Any CPU
		{7FD469F0-A48C-4062-85BF-F8B89541A854}.Debug|Any CPU.Build.0 = Debug|Any CPU
		{7FD469F0-A48C-4062-85BF-F8B89541A854}.Release|Any CPU.ActiveCfg = Release|Any CPU
		{7FD469F0-A48C-4062-85BF-F8B89541A854}.Release|Any CPU.Build.0 = Release|Any CPU
	EndGlobalSection
	GlobalSection(SolutionProperties) = preSolution
		HideSolutionNode = FALSE
	EndGlobalSection
	GlobalSection(ExtensibilityGlobals) = postSolution
		SolutionGuid = {FABD6F5C-1B53-482F-A697-15CF16E3F597}
	EndGlobalSection
EndGlobal
