
Microsoft Visual Studio Solution File, Format Version 12.00
# Visual Studio Version 17
VisualStudioVersion = 17.0.32126.317
MinimumVisualStudioVersion = 10.0.40219.1
Project("{888888A0-9F3D-457C-B088-3A5042F75D52}") = "3mmo", "3mmo\3mmo.pyproj", "{1896839E-F029-4942-91FB-4D1FB60450FD}"
EndProject
Global
	GlobalSection(SolutionConfigurationPlatforms) = preSolution
		Debug|Any CPU = Debug|Any CPU
		Release|Any CPU = Release|Any CPU
	EndGlobalSection
	GlobalSection(ProjectConfigurationPlatforms) = postSolution
		{1896839E-F029-4942-91FB-4D1FB60450FD}.Debug|Any CPU.ActiveCfg = Debug|Any CPU
		{1896839E-F029-4942-91FB-4D1FB60450FD}.Release|Any CPU.ActiveCfg = Release|Any CPU
	EndGlobalSection
	GlobalSection(SolutionProperties) = preSolution
		HideSolutionNode = FALSE
	EndGlobalSection
	GlobalSection(ExtensibilityGlobals) = postSolution
		SolutionGuid = {3B834E6C-0774-4F14-995C-C3DBD682EBF7}
	EndGlobalSection
EndGlobal
