
Microsoft Visual Studio Solution File, Format Version 12.00
# Visual Studio Version 17
VisualStudioVersion = 17.0.32126.317
MinimumVisualStudioVersion = 10.0.40219.1
Project("{888888A0-9F3D-457C-B088-3A5042F75D52}") = "1labTLP", "1labTLP\1labTLP.pyproj", "{379B8968-48A3-4AF1-ACBA-09F8B1B5E869}"
EndProject
Global
	GlobalSection(SolutionConfigurationPlatforms) = preSolution
		Debug|Any CPU = Debug|Any CPU
		Release|Any CPU = Release|Any CPU
	EndGlobalSection
	GlobalSection(ProjectConfigurationPlatforms) = postSolution
		{379B8968-48A3-4AF1-ACBA-09F8B1B5E869}.Debug|Any CPU.ActiveCfg = Debug|Any CPU
		{379B8968-48A3-4AF1-ACBA-09F8B1B5E869}.Release|Any CPU.ActiveCfg = Release|Any CPU
	EndGlobalSection
	GlobalSection(SolutionProperties) = preSolution
		HideSolutionNode = FALSE
	EndGlobalSection
	GlobalSection(ExtensibilityGlobals) = postSolution
		SolutionGuid = {3FBD8AD5-737B-4F0F-8B7F-C0064889F161}
	EndGlobalSection
EndGlobal
