
Microsoft Visual Studio Solution File, Format Version 12.00
# Visual Studio Version 17
VisualStudioVersion = 17.0.32126.317
MinimumVisualStudioVersion = 10.0.40219.1
Project("{8BC9CEB8-8B4A-11D0-8D11-00A0C91BC942}") = "lab2AVS", "lab2AVS\lab2AVS.vcxproj", "{C427F9F0-0ED5-41E1-BA8C-10AFB33303DD}"
EndProject
Global
	GlobalSection(SolutionConfigurationPlatforms) = preSolution
		Debug|x64 = Debug|x64
		Debug|x86 = Debug|x86
		Release|x64 = Release|x64
		Release|x86 = Release|x86
	EndGlobalSection
	GlobalSection(ProjectConfigurationPlatforms) = postSolution
		{C427F9F0-0ED5-41E1-BA8C-10AFB33303DD}.Debug|x64.ActiveCfg = Debug|x64
		{C427F9F0-0ED5-41E1-BA8C-10AFB33303DD}.Debug|x64.Build.0 = Debug|x64
		{C427F9F0-0ED5-41E1-BA8C-10AFB33303DD}.Debug|x86.ActiveCfg = Debug|Win32
		{C427F9F0-0ED5-41E1-BA8C-10AFB33303DD}.Debug|x86.Build.0 = Debug|Win32
		{C427F9F0-0ED5-41E1-BA8C-10AFB33303DD}.Release|x64.ActiveCfg = Release|x64
		{C427F9F0-0ED5-41E1-BA8C-10AFB33303DD}.Release|x64.Build.0 = Release|x64
		{C427F9F0-0ED5-41E1-BA8C-10AFB33303DD}.Release|x86.ActiveCfg = Release|Win32
		{C427F9F0-0ED5-41E1-BA8C-10AFB33303DD}.Release|x86.Build.0 = Release|Win32
	EndGlobalSection
	GlobalSection(SolutionProperties) = preSolution
		HideSolutionNode = FALSE
	EndGlobalSection
	GlobalSection(ExtensibilityGlobals) = postSolution
		SolutionGuid = {0603D694-EDE6-479A-9E92-AE9D0093248B}
	EndGlobalSection
EndGlobal
