
Microsoft Visual Studio Solution File, Format Version 12.00
# Visual Studio Version 17
VisualStudioVersion = 17.0.32126.317
MinimumVisualStudioVersion = 10.0.40219.1
Project("{FAE04EC0-301F-11D3-BF4B-00C04F79EFBC}") = "CurseWorkVichMat", "CurseWorkVichMat\CurseWorkVichMat.csproj", "{35FD98F3-2F25-4EC1-9C88-C8CC27C84731}"
EndProject
Global
	GlobalSection(SolutionConfigurationPlatforms) = preSolution
		Debug|Any CPU = Debug|Any CPU
		Release|Any CPU = Release|Any CPU
	EndGlobalSection
	GlobalSection(ProjectConfigurationPlatforms) = postSolution
		{35FD98F3-2F25-4EC1-9C88-C8CC27C84731}.Debug|Any CPU.ActiveCfg = Debug|Any CPU
		{35FD98F3-2F25-4EC1-9C88-C8CC27C84731}.Debug|Any CPU.Build.0 = Debug|Any CPU
		{35FD98F3-2F25-4EC1-9C88-C8CC27C84731}.Release|Any CPU.ActiveCfg = Release|Any CPU
		{35FD98F3-2F25-4EC1-9C88-C8CC27C84731}.Release|Any CPU.Build.0 = Release|Any CPU
	EndGlobalSection
	GlobalSection(SolutionProperties) = preSolution
		HideSolutionNode = FALSE
	EndGlobalSection
	GlobalSection(ExtensibilityGlobals) = postSolution
		SolutionGuid = {F487D410-0EE2-4B65-AEA7-746DDBEA011B}
	EndGlobalSection
EndGlobal
